// !$*UTF8*$!
{
	archiveVersion = 1;
	classes = {
	};
	objectVersion = 46;
	objects = {

/* Begin PBXBuildFile section */
		0F97BD6B1BBAC77D00C8867B /* main.m in Sources */ = {isa = PBXBuildFile; fileRef = 0F97BD6A1BBAC77D00C8867B /* main.m */; };
		0F97BD6E1BBAC77D00C8867B /* AppDelegate.m in Sources */ = {isa = PBXBuildFile; fileRef = 0F97BD6D1BBAC77D00C8867B /* AppDelegate.m */; };
		0F97BD711BBAC77D00C8867B /* ViewController.m in Sources */ = {isa = PBXBuildFile; fileRef = 0F97BD701BBAC77D00C8867B /* ViewController.m */; };
		0F97BD741BBAC77D00C8867B /* Main.storyboard in Resources */ = {isa = PBXBuildFile; fileRef = 0F97BD721BBAC77D00C8867B /* Main.storyboard */; };
		0F97BD761BBAC77D00C8867B /* Images.xcassets in Resources */ = {isa = PBXBuildFile; fileRef = 0F97BD751BBAC77D00C8867B /* Images.xcassets */; };
		0F97BD791BBAC77D00C8867B /* LaunchScreen.xib in Resources */ = {isa = PBXBuildFile; fileRef = 0F97BD771BBAC77D00C8867B /* LaunchScreen.xib */; };
		0F97BD851BBAC77D00C8867B /* AutomaticallyBuildTestTests.m in Sources */ = {isa = PBXBuildFile; fileRef = 0F97BD841BBAC77D00C8867B /* AutomaticallyBuildTestTests.m */; };
/* End PBXBuildFile section */

/* Begin PBXContainerItemProxy section */
		0F97BD7F1BBAC77D00C8867B /* PBXContainerItemProxy */ = {
			isa = PBXContainerItemProxy;
			containerPortal = 0F97BD5D1BBAC77D00C8867B /* Project object */;
			proxyType = 1;
			remoteGlobalIDString = 0F97BD641BBAC77D00C8867B;
			remoteInfo = AutomaticallyBuildTest;
		};
/* End PBXContainerItemProxy section */

/* Begin PBXFileReference section */
		0F97BD651BBAC77D00C8867B /* AutomaticallyBuildTest.app */ = {isa = PBXFileReference; explicitFileType = wrapper.application; includeInIndex = 0; path = AutomaticallyBuildTest.app; sourceTree = BUILT_PRODUCTS_DIR; };
		0F97BD691BBAC77D00C8867B /* Info.plist */ = {isa = PBXFileReference; lastKnownFileType = text.plist.xml; path = Info.plist; sourceTree = "<group>"; };
		0F97BD6A1BBAC77D00C8867B /* main.m */ = {isa = PBXFileReference; lastKnownFileType = sourcecode.c.objc; path = main.m; sourceTree = "<group>"; };
		0F97BD6C1BBAC77D00C8867B /* AppDelegate.h */ = {isa = PBXFileReference; lastKnownFileType = sourcecode.c.h; path = AppDelegate.h; sourceTree = "<group>"; };
		0F97BD6D1BBAC77D00C8867B /* AppDelegate.m */ = {isa = PBXFileReference; lastKnownFileType = sourcecode.c.objc; path = AppDelegate.m; sourceTree = "<group>"; };
		0F97BD6F1BBAC77D00C8867B /* ViewController.h */ = {isa = PBXFileReference; lastKnownFileType = sourcecode.c.h; path = ViewController.h; sourceTree = "<group>"; };
		0F97BD701BBAC77D00C8867B /* ViewController.m */ = {isa = PBXFileReference; lastKnownFileType = sourcecode.c.objc; path = ViewController.m; sourceTree = "<group>"; };
		0F97BD731BBAC77D00C8867B /* Base */ = {isa = PBXFileReference; lastKnownFileType = file.storyboard; name = Base; path = Base.lproj/Main.storyboard; sourceTree = "<group>"; };
		0F97BD751BBAC77D00C8867B /* Images.xcassets */ = {isa = PBXFileReference; lastKnownFileType = folder.assetcatalog; path = Images.xcassets; sourceTree = "<group>"; };
		0F97BD781BBAC77D00C8867B /* Base */ = {isa = PBXFileReference; lastKnownFileType = file.xib; name = Base; path = Base.lproj/LaunchScreen.xib; sourceTree = "<group>"; };
		0F97BD7E1BBAC77D00C8867B /* AutomaticallyBuildTestTests.xctest */ = {isa = PBXFileReference; explicitFileType = wrapper.cfbundle; includeInIndex = 0; path = AutomaticallyBuildTestTests.xctest; sourceTree = BUILT_PRODUCTS_DIR; };
		0F97BD831BBAC77D00C8867B /* Info.plist */ = {isa = PBXFileReference; lastKnownFileType = text.plist.xml; path = Info.plist; sourceTree = "<group>"; };
		0F97BD841BBAC77D00C8867B /* AutomaticallyBuildTestTests.m */ = {isa = PBXFileReference; lastKnownFileType = sourcecode.c.objc; path = AutomaticallyBuildTestTests.m; sourceTree = "<group>"; };
/* End PBXFileReference section */

/* Begin PBXFrameworksBuildPhase section */
		0F97BD621BBAC77D00C8867B /* Frameworks */ = {
			isa = PBXFrameworksBuildPhase;
			buildActionMask = 2147483647;
			files = (
			);
			runOnlyForDeploymentPostprocessing = 0;
		};
		0F97BD7B1BBAC77D00C8867B /* Frameworks */ = {
			isa = PBXFrameworksBuildPhase;
			buildActionMask = 2147483647;
			files = (
			);
			runOnlyForDeploymentPostprocessing = 0;
		};
/* End PBXFrameworksBuildPhase section */

/* Begin PBXGroup section */
		0F97BD5C1BBAC77D00C8867B = {
			isa = PBXGroup;
			children = (
				0F97BD671BBAC77D00C8867B /* AutomaticallyBuildTest */,
				0F97BD811BBAC77D00C8867B /* AutomaticallyBuildTestTests */,
				0F97BD661BBAC77D00C8867B /* Products */,
			);
			sourceTree = "<group>";
		};
		0F97BD661BBAC77D00C8867B /* Products */ = {
			isa = PBXGroup;
			children = (
				0F97BD651BBAC77D00C8867B /* AutomaticallyBuildTest.app */,
				0F97BD7E1BBAC77D00C8867B /* AutomaticallyBuildTestTests.xctest */,
			);
			name = Products;
			sourceTree = "<group>";
		};
		0F97BD671BBAC77D00C8867B /* AutomaticallyBuildTest */ = {
			isa = PBXGroup;
			children = (
				0F97BD6C1BBAC77D00C8867B /* AppDelegate.h */,
				0F97BD6D1BBAC77D00C8867B /* AppDelegate.m */,
				0F97BD6F1BBAC77D00C8867B /* ViewController.h */,
				0F97BD701BBAC77D00C8867B /* ViewController.m */,
				0F97BD721BBAC77D00C8867B /* Main.storyboard */,
				0F97BD751BBAC77D00C8867B /* Images.xcassets */,
				0F97BD771BBAC77D00C8867B /* LaunchScreen.xib */,
				0F97BD681BBAC77D00C8867B /* Supporting Files */,
			);
			path = AutomaticallyBuildTest;
			sourceTree = "<group>";
		};
		0F97BD681BBAC77D00C8867B /* Supporting Files */ = {
			isa = PBXGroup;
			children = (
				0F97BD691BBAC77D00C8867B /* Info.plist */,
				0F97BD6A1BBAC77D00C8867B /* main.m */,
			);
			name = "Supporting Files";
			sourceTree = "<group>";
		};
		0F97BD811BBAC77D00C8867B /* AutomaticallyBuildTestTests */ = {
			isa = PBXGroup;
			children = (
				0F97BD841BBAC77D00C8867B /* AutomaticallyBuildTestTests.m */,
				0F97BD821BBAC77D00C8867B /* Supporting Files */,
			);
			path = AutomaticallyBuildTestTests;
			sourceTree = "<group>";
		};
		0F97BD821BBAC77D00C8867B /* Supporting Files */ = {
			isa = PBXGroup;
			children = (
				0F97BD831BBAC77D00C8867B /* Info.plist */,
			);
			name = "Supporting Files";
			sourceTree = "<group>";
		};
/* End PBXGroup section */

/* Begin PBXNativeTarget section */
		0F97BD641BBAC77D00C8867B /* AutomaticallyBuildTest */ = {
			isa = PBXNativeTarget;
			buildConfigurationList = 0F97BD881BBAC77D00C8867B /* Build configuration list for PBXNativeTarget "AutomaticallyBuildTest" */;
			buildPhases = (
				0F97BD611BBAC77D00C8867B /* Sources */,
				0F97BD621BBAC77D00C8867B /* Frameworks */,
				0F97BD631BBAC77D00C8867B /* Resources */,
			);
			buildRules = (
			);
			dependencies = (
			);
			name = AutomaticallyBuildTest;
			productName = AutomaticallyBuildTest;
			productReference = 0F97BD651BBAC77D00C8867B /* AutomaticallyBuildTest.app */;
			productType = "com.apple.product-type.application";
		};
		0F97BD7D1BBAC77D00C8867B /* AutomaticallyBuildTestTests */ = {
			isa = PBXNativeTarget;
			buildConfigurationList = 0F97BD8B1BBAC77D00C8867B /* Build configuration list for PBXNativeTarget "AutomaticallyBuildTestTests" */;
			buildPhases = (
				0F97BD7A1BBAC77D00C8867B /* Sources */,
				0F97BD7B1BBAC77D00C8867B /* Frameworks */,
				0F97BD7C1BBAC77D00C8867B /* Resources */,
			);
			buildRules = (
			);
			dependencies = (
				0F97BD801BBAC77D00C8867B /* PBXTargetDependency */,
			);
			name = AutomaticallyBuildTestTests;
			productName = AutomaticallyBuildTestTests;
			productReference = 0F97BD7E1BBAC77D00C8867B /* AutomaticallyBuildTestTests.xctest */;
			productType = "com.apple.product-type.bundle.unit-test";
		};
/* End PBXNativeTarget section */

/* Begin PBXProject section */
		0F97BD5D1BBAC77D00C8867B /* Project object */ = {
			isa = PBXProject;
			attributes = {
				LastUpgradeCheck = 0640;
				ORGANIZATIONNAME = "Hiasa Takahiro";
				TargetAttributes = {
					0F97BD641BBAC77D00C8867B = {
						CreatedOnToolsVersion = 6.4;
					};
					0F97BD7D1BBAC77D00C8867B = {
						CreatedOnToolsVersion = 6.4;
						TestTargetID = 0F97BD641BBAC77D00C8867B;
					};
				};
			};
			buildConfigurationList = 0F97BD601BBAC77D00C8867B /* Build configuration list for PBXProject "AutomaticallyBuildTest" */;
			compatibilityVersion = "Xcode 3.2";
			developmentRegion = English;
			hasScannedForEncodings = 0;
			knownRegions = (
				en,
				Base,
			);
			mainGroup = 0F97BD5C1BBAC77D00C8867B;
			productRefGroup = 0F97BD661BBAC77D00C8867B /* Products */;
			projectDirPath = "";
			projectRoot = "";
			targets = (
				0F97BD641BBAC77D00C8867B /* AutomaticallyBuildTest */,
				0F97BD7D1BBAC77D00C8867B /* AutomaticallyBuildTestTests */,
			);
		};
/* End PBXProject section */

/* Begin PBXResourcesBuildPhase section */
		0F97BD631BBAC77D00C8867B /* Resources */ = {
			isa = PBXResourcesBuildPhase;
			buildActionMask = 2147483647;
			files = (
				0F97BD741BBAC77D00C8867B /* Main.storyboard in Resources */,
				0F97BD791BBAC77D00C8867B /* LaunchScreen.xib in Resources */,
				0F97BD761BBAC77D00C8867B /* Images.xcassets in Resources */,
			);
			runOnlyForDeploymentPostprocessing = 0;
		};
		0F97BD7C1BBAC77D00C8867B /* Resources */ = {
			isa = PBXResourcesBuildPhase;
			buildActionMask = 2147483647;
			files = (
			);
			runOnlyForDeploymentPostprocessing = 0;
		};
/* End PBXResourcesBuildPhase section */

/* Begin PBXSourcesBuildPhase section */
		0F97BD611BBAC77D00C8867B /* Sources */ = {
			isa = PBXSourcesBuildPhase;
			buildActionMask = 2147483647;
			files = (
				0F97BD711BBAC77D00C8867B /* ViewController.m in Sources */,
				0F97BD6E1BBAC77D00C8867B /* AppDelegate.m in Sources */,
				0F97BD6B1BBAC77D00C8867B /* main.m in Sources */,
			);
			runOnlyForDeploymentPostprocessing = 0;
		};
		0F97BD7A1BBAC77D00C8867B /* Sources */ = {
			isa = PBXSourcesBuildPhase;
			buildActionMask = 2147483647;
			files = (
				0F97BD851BBAC77D00C8867B /* AutomaticallyBuildTestTests.m in Sources */,
			);
			runOnlyForDeploymentPostprocessing = 0;
		};
/* End PBXSourcesBuildPhase section */

/* Begin PBXTargetDependency section */
		0F97BD801BBAC77D00C8867B /* PBXTargetDependency */ = {
			isa = PBXTargetDependency;
			target = 0F97BD641BBAC77D00C8867B /* AutomaticallyBuildTest */;
			targetProxy = 0F97BD7F1BBAC77D00C8867B /* PBXContainerItemProxy */;
		};
/* End PBXTargetDependency section */

/* Begin PBXVariantGroup section */
		0F97BD721BBAC77D00C8867B /* Main.storyboard */ = {
			isa = PBXVariantGroup;
			children = (
				0F97BD731BBAC77D00C8867B /* Base */,
			);
			name = Main.storyboard;
			sourceTree = "<group>";
		};
		0F97BD771BBAC77D00C8867B /* LaunchScreen.xib */ = {
			isa = PBXVariantGroup;
			children = (
				0F97BD781BBAC77D00C8867B /* Base */,
			);
			name = LaunchScreen.xib;
			sourceTree = "<group>";
		};
/* End PBXVariantGroup section */

/* Begin XCBuildConfiguration section */
		0F97BD861BBAC77D00C8867B /* Debug */ = {
			isa = XCBuildConfiguration;
			buildSettings = {
				ALWAYS_SEARCH_USER_PATHS = NO;
				CLANG_CXX_LANGUAGE_STANDARD = "gnu++0x";
				CLANG_CXX_LIBRARY = "libc++";
				CLANG_ENABLE_MODULES = YES;
				CLANG_ENABLE_OBJC_ARC = YES;
				CLANG_WARN_BOOL_CONVERSION = YES;
				CLANG_WARN_CONSTANT_CONVERSION = YES;
				CLANG_WARN_DIRECT_OBJC_ISA_USAGE = YES_ERROR;
				CLANG_WARN_EMPTY_BODY = YES;
				CLANG_WARN_ENUM_CONVERSION = YES;
				CLANG_WARN_INT_CONVERSION = YES;
				CLANG_WARN_OBJC_ROOT_CLASS = YES_ERROR;
				CLANG_WARN_UNREACHABLE_CODE = YES;
				CLANG_WARN__DUPLICATE_METHOD_MATCH = YES;
				"CODE_SIGN_IDENTITY[sdk=iphoneos*]" = "iPhone Developer";
				COPY_PHASE_STRIP = NO;
				DEBUG_INFORMATION_FORMAT = "dwarf-with-dsym";
				ENABLE_STRICT_OBJC_MSGSEND = YES;
				GCC_C_LANGUAGE_STANDARD = gnu99;
				GCC_DYNAMIC_NO_PIC = NO;
				GCC_NO_COMMON_BLOCKS = YES;
				GCC_OPTIMIZATION_LEVEL = 0;
				GCC_PREPROCESSOR_DEFINITIONS = (
					"DEBUG=1",
					"$(inherited)",
				);
				GCC_SYMBOLS_PRIVATE_EXTERN = NO;
				GCC_WARN_64_TO_32_BIT_CONVERSION = YES;
				GCC_WARN_ABOUT_RETURN_TYPE = YES_ERROR;
				GCC_WARN_UNDECLARED_SELECTOR = YES;
				GCC_WARN_UNINITIALIZED_AUTOS = YES_AGGRESSIVE;
				GCC_WARN_UNUSED_FUNCTION = YES;
				GCC_WARN_UNUSED_VARIABLE = YES;
				IPHONEOS_DEPLOYMENT_TARGET = 8.4;
				MTL_ENABLE_DEBUG_INFO = YES;
				ONLY_ACTIVE_ARCH = YES;
				SDKROOT = iphoneos;
			};
			name = Debug;
		};
		0F97BD871BBAC77D00C8867B /* Release */ = {
			isa = XCBuildConfiguration;
			buildSettings = {
				ALWAYS_SEARCH_USER_PATHS = NO;
				CLANG_CXX_LANGUAGE_STANDARD = "gnu++0x";
				CLANG_CXX_LIBRARY = "libc++";
				CLANG_ENABLE_MODULES = YES;
				CLANG_ENABLE_OBJC_ARC = YES;
				CLANG_WARN_BOOL_CONVERSION = YES;
				CLANG_WARN_CONSTANT_CONVERSION = YES;
				CLANG_WARN_DIRECT_OBJC_ISA_USAGE = YES_ERROR;
				CLANG_WARN_EMPTY_BODY = YES;
				CLANG_WARN_ENUM_CONVERSION = YES;
				CLANG_WARN_INT_CONVERSION = YES;
				CLANG_WARN_OBJC_ROOT_CLASS = YES_ERROR;
				CLANG_WARN_UNREACHABLE_CODE = YES;
				CLANG_WARN__DUPLICATE_METHOD_MATCH = YES;
				"CODE_SIGN_IDENTITY[sdk=iphoneos*]" = "iPhone Developer";
				COPY_PHASE_STRIP = NO;
				DEBUG_INFORMATION_FORMAT = "dwarf-with-dsym";
				ENABLE_NS_ASSERTIONS = NO;
				ENABLE_STRICT_OBJC_MSGSEND = YES;
				GCC_C_LANGUAGE_STANDARD = gnu99;
				GCC_NO_COMMON_BLOCKS = YES;
				GCC_WARN_64_TO_32_BIT_CONVERSION = YES;
				GCC_WARN_ABOUT_RETURN_TYPE = YES_ERROR;
				GCC_WARN_UNDECLARED_SELECTOR = YES;
				GCC_WARN_UNINITIALIZED_AUTOS = YES_AGGRESSIVE;
				GCC_WARN_UNUSED_FUNCTION = YES;
				GCC_WARN_UNUSED_VARIABLE = YES;
				IPHONEOS_DEPLOYMENT_TARGET = 8.4;
				MTL_ENABLE_DEBUG_INFO = NO;
				SDKROOT = iphoneos;
				VALIDATE_PRODUCT = YES;
			};
			name = Release;
		};
		0F97BD891BBAC77D00C8867B /* Debug */ = {
			isa = XCBuildConfiguration;
			buildSettings = {
				ASSETCATALOG_COMPILER_APPICON_NAME = AppIcon;
				INFOPLIST_FILE = AutomaticallyBuildTest/Info.plist;
				LD_RUNPATH_SEARCH_PATHS = "$(inherited) @executable_path/Frameworks";
				PRODUCT_NAME = "$(TARGET_NAME)";
			};
			name = Debug;
		};
		0F97BD8A1BBAC77D00C8867B /* Release */ = {
			isa = XCBuildConfiguration;
			buildSettings = {
				ASSETCATALOG_COMPILER_APPICON_NAME = AppIcon;
				INFOPLIST_FILE = AutomaticallyBuildTest/Info.plist;
				LD_RUNPATH_SEARCH_PATHS = "$(inherited) @executable_path/Frameworks";
				PRODUCT_NAME = "$(TARGET_NAME)";
			};
			name = Release;
		};
		0F97BD8C1BBAC77D00C8867B /* Debug */ = {
			isa = XCBuildConfiguration;
			buildSettings = {
				BUNDLE_LOADER = "$(TEST_HOST)";
				FRAMEWORK_SEARCH_PATHS = (
					"$(SDKROOT)/Developer/Library/Frameworks",
					"$(inherited)",
				);
				GCC_PREPROCESSOR_DEFINITIONS = (
					"DEBUG=1",
					"$(inherited)",
				);
				INFOPLIST_FILE = AutomaticallyBuildTestTests/Info.plist;
				LD_RUNPATH_SEARCH_PATHS = "$(inherited) @executable_path/Frameworks @loader_path/Frameworks";
				PRODUCT_NAME = "$(TARGET_NAME)";
				TEST_HOST = "$(BUILT_PRODUCTS_DIR)/AutomaticallyBuildTest.app/AutomaticallyBuildTest";
			};
			name = Debug;
		};
		0F97BD8D1BBAC77D00C8867B /* Release */ = {
			isa = XCBuildConfiguration;
			buildSettings = {
				BUNDLE_LOADER = "$(TEST_HOST)";
				FRAMEWORK_SEARCH_PATHS = (
					"$(SDKROOT)/Developer/Library/Frameworks",
					"$(inherited)",
				);
				INFOPLIST_FILE = AutomaticallyBuildTestTests/Info.plist;
				LD_RUNPATH_SEARCH_PATHS = "$(inherited) @executable_path/Frameworks @loader_path/Frameworks";
				PRODUCT_NAME = "$(TARGET_NAME)";
				TEST_HOST = "$(BUILT_PRODUCTS_DIR)/AutomaticallyBuildTest.app/AutomaticallyBuildTest";
			};
			name = Release;
		};
/* End XCBuildConfiguration section */

/* Begin XCConfigurationList section */
		0F97BD601BBAC77D00C8867B /* Build configuration list for PBXProject "AutomaticallyBuildTest" */ = {
			isa = XCConfigurationList;
			buildConfigurations = (
				0F97BD861BBAC77D00C8867B /* Debug */,
				0F97BD871BBAC77D00C8867B /* Release */,
			);
			defaultConfigurationIsVisible = 0;
			defaultConfigurationName = Release;
		};
		0F97BD881BBAC77D00C8867B /* Build configuration list for PBXNativeTarget "AutomaticallyBuildTest" */ = {
			isa = XCConfigurationList;
			buildConfigurations = (
				0F97BD891BBAC77D00C8867B /* Debug */,
				0F97BD8A1BBAC77D00C8867B /* Release */,
			);
			defaultConfigurationIsVisible = 0;
		};
		0F97BD8B1BBAC77D00C8867B /* Build configuration list for PBXNativeTarget "AutomaticallyBuildTestTests" */ = {
			isa = XCConfigurationList;
			buildConfigurations = (
				0F97BD8C1BBAC77D00C8867B /* Debug */,
				0F97BD8D1BBAC77D00C8867B /* Release */,
			);
			defaultConfigurationIsVisible = 0;
		};
/* End XCConfigurationList section */
	};
	rootObject = 0F97BD5D1BBAC77D00C8867B /* Project object */;
}
